// !$*UTF8*$!
{
	archiveVersion = 1;
	classes = {
	};
	objectVersion = 46;
	objects = {

/* Begin PBXBuildFile section */
		16D0E9051D05226D0042B71D /* SSGlobalMusicBar.h in Headers */ = {isa = PBXBuildFile; fileRef = 16D0E9041D05226D0042B71D /* SSGlobalMusicBar.h */; settings = {ATTRIBUTES = (Public, ); }; };
		16D0E9311D0525B50042B71D /* SSAnimationDelegate.swift in Sources */ = {isa = PBXBuildFile; fileRef = 16D0E92C1D0525B50042B71D /* SSAnimationDelegate.swift */; };
		16D0E9321D0525B50042B71D /* SSDragAnimator.swift in Sources */ = {isa = PBXBuildFile; fileRef = 16D0E92D1D0525B50042B71D /* SSDragAnimator.swift */; };
		16D0E9331D0525B50042B71D /* SSDragInteractiveTransition.swift in Sources */ = {isa = PBXBuildFile; fileRef = 16D0E92E1D0525B50042B71D /* SSDragInteractiveTransition.swift */; };
		16D0E9341D0525B50042B71D /* SSMusicBar.swift in Sources */ = {isa = PBXBuildFile; fileRef = 16D0E92F1D0525B50042B71D /* SSMusicBar.swift */; };
		16D0E9351D0525B50042B71D /* UIViewController+SSMusicBar.swift in Sources */ = {isa = PBXBuildFile; fileRef = 16D0E9301D0525B50042B71D /* UIViewController+SSMusicBar.swift */; };
		16D0E9371D0528080042B71D /* MarqueeLabelSwift.framework in Frameworks */ = {isa = PBXBuildFile; fileRef = 16D0E9361D0528080042B71D /* MarqueeLabelSwift.framework */; };
/* End PBXBuildFile section */

/* Begin PBXFileReference section */
		16D0E9021D05226D0042B71D /* SSGlobalMusicBar.framework */ = {isa = PBXFileReference; explicitFileType = wrapper.framework; includeInIndex = 0; path = SSGlobalMusicBar.framework; sourceTree = BUILT_PRODUCTS_DIR; };
		16D0E9041D05226D0042B71D /* SSGlobalMusicBar.h */ = {isa = PBXFileReference; lastKnownFileType = sourcecode.c.h; path = SSGlobalMusicBar.h; sourceTree = "<group>"; };
		16D0E9061D05226D0042B71D /* Info.plist */ = {isa = PBXFileReference; lastKnownFileType = text.plist.xml; path = Info.plist; sourceTree = "<group>"; };
		16D0E92C1D0525B50042B71D /* SSAnimationDelegate.swift */ = {isa = PBXFileReference; fileEncoding = 4; lastKnownFileType = sourcecode.swift; name = SSAnimationDelegate.swift; path = Source/SSAnimationDelegate.swift; sourceTree = SOURCE_ROOT; };
		16D0E92D1D0525B50042B71D /* SSDragAnimator.swift */ = {isa = PBXFileReference; fileEncoding = 4; lastKnownFileType = sourcecode.swift; name = SSDragAnimator.swift; path = Source/SSDragAnimator.swift; sourceTree = SOURCE_ROOT; };
		16D0E92E1D0525B50042B71D /* SSDragInteractiveTransition.swift */ = {isa = PBXFileReference; fileEncoding = 4; lastKnownFileType = sourcecode.swift; name = SSDragInteractiveTransition.swift; path = Source/SSDragInteractiveTransition.swift; sourceTree = SOURCE_ROOT; };
		16D0E92F1D0525B50042B71D /* SSMusicBar.swift */ = {isa = PBXFileReference; fileEncoding = 4; lastKnownFileType = sourcecode.swift; name = SSMusicBar.swift; path = Source/SSMusicBar.swift; sourceTree = SOURCE_ROOT; };
		16D0E9301D0525B50042B71D /* UIViewController+SSMusicBar.swift */ = {isa = PBXFileReference; fileEncoding = 4; lastKnownFileType = sourcecode.swift; name = "UIViewController+SSMusicBar.swift"; path = "Source/UIViewController+SSMusicBar.swift"; sourceTree = SOURCE_ROOT; };
		16D0E9361D0528080042B71D /* MarqueeLabelSwift.framework */ = {isa = PBXFileReference; lastKnownFileType = wrapper.framework; name = MarqueeLabelSwift.framework; path = Carthage/Build/iOS/MarqueeLabelSwift.framework; sourceTree = "<group>"; };
		607FACD41AFB9204008FA782 /* Info.plist */ = {isa = PBXFileReference; lastKnownFileType = text.plist.xml; path = Info.plist; sourceTree = "<group>"; };
/* End PBXFileReference section */

/* Begin PBXFrameworksBuildPhase section */
		16D0E8FE1D05226D0042B71D /* Frameworks */ = {
			isa = PBXFrameworksBuildPhase;
			buildActionMask = 2147483647;
			files = (
				16D0E9371D0528080042B71D /* MarqueeLabelSwift.framework in Frameworks */,
			);
			runOnlyForDeploymentPostprocessing = 0;
		};
/* End PBXFrameworksBuildPhase section */

/* Begin PBXGroup section */
		16D0E9031D05226D0042B71D /* SSGlobalMusicBar */ = {
			isa = PBXGroup;
			children = (
				16D0E92C1D0525B50042B71D /* SSAnimationDelegate.swift */,
				16D0E92D1D0525B50042B71D /* SSDragAnimator.swift */,
				16D0E92E1D0525B50042B71D /* SSDragInteractiveTransition.swift */,
				16D0E92F1D0525B50042B71D /* SSMusicBar.swift */,
				16D0E9301D0525B50042B71D /* UIViewController+SSMusicBar.swift */,
				16D0E9041D05226D0042B71D /* SSGlobalMusicBar.h */,
				16D0E9061D05226D0042B71D /* Info.plist */,
			);
			path = SSGlobalMusicBar;
			sourceTree = "<group>";
		};
		607FACC71AFB9204008FA782 = {
			isa = PBXGroup;
			children = (
				16D0E9361D0528080042B71D /* MarqueeLabelSwift.framework */,
				607FACD21AFB9204008FA782 /* Example for SSGlobalMusicBar */,
				16D0E9031D05226D0042B71D /* SSGlobalMusicBar */,
				607FACD11AFB9204008FA782 /* Products */,
			);
			sourceTree = "<group>";
		};
		607FACD11AFB9204008FA782 /* Products */ = {
			isa = PBXGroup;
			children = (
				16D0E9021D05226D0042B71D /* SSGlobalMusicBar.framework */,
			);
			name = Products;
			sourceTree = "<group>";
		};
		607FACD21AFB9204008FA782 /* Example for SSGlobalMusicBar */ = {
			isa = PBXGroup;
			children = (
				607FACD31AFB9204008FA782 /* Supporting Files */,
			);
			name = "Example for SSGlobalMusicBar";
			path = SSGlobalMusicBar;
			sourceTree = "<group>";
		};
		607FACD31AFB9204008FA782 /* Supporting Files */ = {
			isa = PBXGroup;
			children = (
				607FACD41AFB9204008FA782 /* Info.plist */,
			);
			name = "Supporting Files";
			sourceTree = "<group>";
		};
/* End PBXGroup section */

/* Begin PBXHeadersBuildPhase section */
		16D0E8FF1D05226D0042B71D /* Headers */ = {
			isa = PBXHeadersBuildPhase;
			buildActionMask = 2147483647;
			files = (
				16D0E9051D05226D0042B71D /* SSGlobalMusicBar.h in Headers */,
			);
			runOnlyForDeploymentPostprocessing = 0;
		};
/* End PBXHeadersBuildPhase section */

/* Begin PBXNativeTarget section */
		16D0E9011D05226D0042B71D /* SSGlobalMusicBar */ = {
			isa = PBXNativeTarget;
			buildConfigurationList = 16D0E9071D05226D0042B71D /* Build configuration list for PBXNativeTarget "SSGlobalMusicBar" */;
			buildPhases = (
				16D0E8FD1D05226D0042B71D /* Sources */,
				16D0E8FE1D05226D0042B71D /* Frameworks */,
				16D0E8FF1D05226D0042B71D /* Headers */,
				16D0E9001D05226D0042B71D /* Resources */,
			);
			buildRules = (
			);
			dependencies = (
			);
			name = SSGlobalMusicBar;
			productName = SSGlobalMusicBar;
			productReference = 16D0E9021D05226D0042B71D /* SSGlobalMusicBar.framework */;
			productType = "com.apple.product-type.framework";
		};
/* End PBXNativeTarget section */

/* Begin PBXProject section */
		607FACC81AFB9204008FA782 /* Project object */ = {
			isa = PBXProject;
			attributes = {
				LastSwiftUpdateCheck = 0730;
				LastUpgradeCheck = 0720;
				ORGANIZATIONNAME = CocoaPods;
				TargetAttributes = {
					16D0E9011D05226D0042B71D = {
						CreatedOnToolsVersion = 7.3.1;
					};
				};
			};
			buildConfigurationList = 607FACCB1AFB9204008FA782 /* Build configuration list for PBXProject "SSGlobalMusicBar" */;
			compatibilityVersion = "Xcode 3.2";
			developmentRegion = English;
			hasScannedForEncodings = 0;
			knownRegions = (
				en,
				Base,
			);
			mainGroup = 607FACC71AFB9204008FA782;
			productRefGroup = 607FACD11AFB9204008FA782 /* Products */;
			projectDirPath = "";
			projectRoot = "";
			targets = (
				16D0E9011D05226D0042B71D /* SSGlobalMusicBar */,
			);
		};
/* End PBXProject section */

/* Begin PBXResourcesBuildPhase section */
		16D0E9001D05226D0042B71D /* Resources */ = {
			isa = PBXResourcesBuildPhase;
			buildActionMask = 2147483647;
			files = (
			);
			runOnlyForDeploymentPostprocessing = 0;
		};
/* End PBXResourcesBuildPhase section */

/* Begin PBXSourcesBuildPhase section */
		16D0E8FD1D05226D0042B71D /* Sources */ = {
			isa = PBXSourcesBuildPhase;
			buildActionMask = 2147483647;
			files = (
				16D0E9321D0525B50042B71D /* SSDragAnimator.swift in Sources */,
				16D0E9331D0525B50042B71D /* SSDragInteractiveTransition.swift in Sources */,
				16D0E9351D0525B50042B71D /* UIViewController+SSMusicBar.swift in Sources */,
				16D0E9311D0525B50042B71D /* SSAnimationDelegate.swift in Sources */,
				16D0E9341D0525B50042B71D /* SSMusicBar.swift in Sources */,
			);
			runOnlyForDeploymentPostprocessing = 0;
		};
/* End PBXSourcesBuildPhase section */

/* Begin XCBuildConfiguration section */
		16D0E9081D05226D0042B71D /* Debug */ = {
			isa = XCBuildConfiguration;
			buildSettings = {
				CLANG_ANALYZER_NONNULL = YES;
				CLANG_ENABLE_MODULES = YES;
				CURRENT_PROJECT_VERSION = 1;
				DEBUG_INFORMATION_FORMAT = dwarf;
				DEFINES_MODULE = YES;
				DYLIB_COMPATIBILITY_VERSION = 1;
				DYLIB_CURRENT_VERSION = 1;
				DYLIB_INSTALL_NAME_BASE = "@rpath";
				FRAMEWORK_SEARCH_PATHS = (
					"$(inherited)",
					"$(PROJECT_DIR)/Carthage/Build/iOS",
				);
				INFOPLIST_FILE = SSGlobalMusicBar/Info.plist;
				INSTALL_PATH = "$(LOCAL_LIBRARY_DIR)/Frameworks";
				IPHONEOS_DEPLOYMENT_TARGET = 8.0;
				LD_RUNPATH_SEARCH_PATHS = "$(inherited) @executable_path/Frameworks @loader_path/Frameworks";
				PRODUCT_BUNDLE_IDENTIFIER = com.SelfStudio.SSGlobalMusicBar;
				PRODUCT_NAME = "$(TARGET_NAME)";
				SKIP_INSTALL = YES;
				SWIFT_OPTIMIZATION_LEVEL = "-Onone";
				TARGETED_DEVICE_FAMILY = "1,2";
				VERSIONING_SYSTEM = "apple-generic";
				VERSION_INFO_PREFIX = "";
			};
			name = Debug;
		};
		16D0E9091D05226D0042B71D /* Release */ = {
			isa = XCBuildConfiguration;
			buildSettings = {
				CLANG_ANALYZER_NONNULL = YES;
				CLANG_ENABLE_MODULES = YES;
				CURRENT_PROJECT_VERSION = 1;
				DEFINES_MODULE = YES;
				DYLIB_COMPATIBILITY_VERSION = 1;
				DYLIB_CURRENT_VERSION = 1;
				DYLIB_INSTALL_NAME_BASE = "@rpath";
				FRAMEWORK_SEARCH_PATHS = (
					"$(inherited)",
					"$(PROJECT_DIR)/Carthage/Build/iOS",
				);
				INFOPLIST_FILE = SSGlobalMusicBar/Info.plist;
				INSTALL_PATH = "$(LOCAL_LIBRARY_DIR)/Frameworks";
				IPHONEOS_DEPLOYMENT_TARGET = 8.0;
				LD_RUNPATH_SEARCH_PATHS = "$(inherited) @executable_path/Frameworks @loader_path/Frameworks";
				PRODUCT_BUNDLE_IDENTIFIER = com.SelfStudio.SSGlobalMusicBar;
				PRODUCT_NAME = "$(TARGET_NAME)";
				SKIP_INSTALL = YES;
				TARGETED_DEVICE_FAMILY = "1,2";
				VERSIONING_SYSTEM = "apple-generic";
				VERSION_INFO_PREFIX = "";
			};
			name = Release;
		};
		607FACED1AFB9204008FA782 /* Debug */ = {
			isa = XCBuildConfiguration;
			buildSettings = {
				ALWAYS_SEARCH_USER_PATHS = NO;
				CLANG_CXX_LANGUAGE_STANDARD = "gnu++0x";
				CLANG_CXX_LIBRARY = "libc++";
				CLANG_ENABLE_MODULES = YES;
				CLANG_ENABLE_OBJC_ARC = YES;
				CLANG_WARN_BOOL_CONVERSION = YES;
				CLANG_WARN_CONSTANT_CONVERSION = YES;
				CLANG_WARN_DIRECT_OBJC_ISA_USAGE = YES_ERROR;
				CLANG_WARN_EMPTY_BODY = YES;
				CLANG_WARN_ENUM_CONVERSION = YES;
				CLANG_WARN_INT_CONVERSION = YES;
				CLANG_WARN_OBJC_ROOT_CLASS = YES_ERROR;
				CLANG_WARN_UNREACHABLE_CODE = YES;
				CLANG_WARN__DUPLICATE_METHOD_MATCH = YES;
				"CODE_SIGN_IDENTITY[sdk=iphoneos*]" = "iPhone Developer";
				COPY_PHASE_STRIP = NO;
				DEBUG_INFORMATION_FORMAT = "dwarf-with-dsym";
				ENABLE_STRICT_OBJC_MSGSEND = YES;
				ENABLE_TESTABILITY = YES;
				GCC_C_LANGUAGE_STANDARD = gnu99;
				GCC_DYNAMIC_NO_PIC = NO;
				GCC_NO_COMMON_BLOCKS = YES;
				GCC_OPTIMIZATION_LEVEL = 0;
				GCC_PREPROCESSOR_DEFINITIONS = (
					"DEBUG=1",
					"$(inherited)",
				);
				GCC_SYMBOLS_PRIVATE_EXTERN = NO;
				GCC_WARN_64_TO_32_BIT_CONVERSION = YES;
				GCC_WARN_ABOUT_RETURN_TYPE = YES_ERROR;
				GCC_WARN_UNDECLARED_SELECTOR = YES;
				GCC_WARN_UNINITIALIZED_AUTOS = YES_AGGRESSIVE;
				GCC_WARN_UNUSED_FUNCTION = YES;
				GCC_WARN_UNUSED_VARIABLE = YES;
				IPHONEOS_DEPLOYMENT_TARGET = 8.0;
				MTL_ENABLE_DEBUG_INFO = YES;
				ONLY_ACTIVE_ARCH = YES;
				SDKROOT = iphoneos;
				SWIFT_OPTIMIZATION_LEVEL = "-Onone";
			};
			name = Debug;
		};
		607FACEE1AFB9204008FA782 /* Release */ = {
			isa = XCBuildConfiguration;
			buildSettings = {
				ALWAYS_SEARCH_USER_PATHS = NO;
				CLANG_CXX_LANGUAGE_STANDARD = "gnu++0x";
				CLANG_CXX_LIBRARY = "libc++";
				CLANG_ENABLE_MODULES = YES;
				CLANG_ENABLE_OBJC_ARC = YES;
				CLANG_WARN_BOOL_CONVERSION = YES;
				CLANG_WARN_CONSTANT_CONVERSION = YES;
				CLANG_WARN_DIRECT_OBJC_ISA_USAGE = YES_ERROR;
				CLANG_WARN_EMPTY_BODY = YES;
				CLANG_WARN_ENUM_CONVERSION = YES;
				CLANG_WARN_INT_CONVERSION = YES;
				CLANG_WARN_OBJC_ROOT_CLASS = YES_ERROR;
				CLANG_WARN_UNREACHABLE_CODE = YES;
				CLANG_WARN__DUPLICATE_METHOD_MATCH = YES;
				"CODE_SIGN_IDENTITY[sdk=iphoneos*]" = "iPhone Developer";
				COPY_PHASE_STRIP = NO;
				DEBUG_INFORMATION_FORMAT = "dwarf-with-dsym";
				ENABLE_NS_ASSERTIONS = NO;
				ENABLE_STRICT_OBJC_MSGSEND = YES;
				GCC_C_LANGUAGE_STANDARD = gnu99;
				GCC_NO_COMMON_BLOCKS = YES;
				GCC_WARN_64_TO_32_BIT_CONVERSION = YES;
				GCC_WARN_ABOUT_RETURN_TYPE = YES_ERROR;
				GCC_WARN_UNDECLARED_SELECTOR = YES;
				GCC_WARN_UNINITIALIZED_AUTOS = YES_AGGRESSIVE;
				GCC_WARN_UNUSED_FUNCTION = YES;
				GCC_WARN_UNUSED_VARIABLE = YES;
				IPHONEOS_DEPLOYMENT_TARGET = 8.0;
				MTL_ENABLE_DEBUG_INFO = NO;
				SDKROOT = iphoneos;
				VALIDATE_PRODUCT = YES;
			};
			name = Release;
		};
/* End XCBuildConfiguration section */

/* Begin XCConfigurationList section */
		16D0E9071D05226D0042B71D /* Build configuration list for PBXNativeTarget "SSGlobalMusicBar" */ = {
			isa = XCConfigurationList;
			buildConfigurations = (
				16D0E9081D05226D0042B71D /* Debug */,
				16D0E9091D05226D0042B71D /* Release */,
			);
			defaultConfigurationIsVisible = 0;
			defaultConfigurationName = Release;
		};
		607FACCB1AFB9204008FA782 /* Build configuration list for PBXProject "SSGlobalMusicBar" */ = {
			isa = XCConfigurationList;
			buildConfigurations = (
				607FACED1AFB9204008FA782 /* Debug */,
				607FACEE1AFB9204008FA782 /* Release */,
			);
			defaultConfigurationIsVisible = 0;
			defaultConfigurationName = Release;
		};
/* End XCConfigurationList section */
	};
	rootObject = 607FACC81AFB9204008FA782 /* Project object */;
}
